# generated by rye
# use `rye lock` or `rye sync` to update this lockfile
#
# last locked with the following flags:
#   pre: false
#   features: []
#   all-features: false
#   with-sources: false
#   generate-hashes: false
#   universal: false

-e file:.
aiofiles==24.1.0
    # via polar-patch
annotated-types==0.7.0
    # via pydantic
click==8.1.7
    # via typer
jinja2==3.1.4
    # via polar-patch
libcst==1.4.0
    # via polar-patch
markdown-it-py==3.0.0
    # via rich
markupsafe==2.1.5
    # via jinja2
mdurl==0.1.2
    # via markdown-it-py
pydantic==2.8.2
    # via polar-patch
pydantic-core==2.20.1
    # via pydantic
pygments==2.18.0
    # via rich
pyyaml==6.0.2
    # via libcst
rich==13.7.1
    # via typer
shellingham==1.5.4
    # via typer
toml==0.10.2
    # via polar-patch
typer==0.12.4
    # via polar-patch
typing-extensions==4.12.2
    # via pydantic
    # via pydantic-core
    # via typer
